
Microsoft Visual Studio Solution File, Format Version 12.00
# Visual Studio 15
VisualStudioVersion = 15.0.27428.2015
MinimumVisualStudioVersion = 10.0.40219.1
Project("{F2A71F9B-5D33-465A-A702-920D77279786}") = "smc", "smc\smc.fsproj", "{07EEA8AA-F2B9-4220-9456-1DBF8AC97216}"
EndProject
Global
	GlobalSection(SolutionConfigurationPlatforms) = preSolution
		Debug|Any CPU = Debug|Any CPU
		Release|Any CPU = Release|Any CPU
	EndGlobalSection
	GlobalSection(ProjectConfigurationPlatforms) = postSolution
		{07EEA8AA-F2B9-4220-9456-1DBF8AC97216}.Debug|Any CPU.ActiveCfg = Debug|Any CPU
		{07EEA8AA-F2B9-4220-9456-1DBF8AC97216}.Debug|Any CPU.Build.0 = Debug|Any CPU
		{07EEA8AA-F2B9-4220-9456-1DBF8AC97216}.Release|Any CPU.ActiveCfg = Release|Any CPU
		{07EEA8AA-F2B9-4220-9456-1DBF8AC97216}.Release|Any CPU.Build.0 = Release|Any CPU
	EndGlobalSection
	GlobalSection(SolutionProperties) = preSolution
		HideSolutionNode = FALSE
	EndGlobalSection
	GlobalSection(ExtensibilityGlobals) = postSolution
		SolutionGuid = {F682DD9A-F7C1-4099-AFD3-85D0FE99F5D7}
	EndGlobalSection
EndGlobal
